
Microsoft Visual Studio Solution File, Format Version 12.00
# Visual Studio Version 17
VisualStudioVersion = 17.9.34622.214
MinimumVisualStudioVersion = 10.0.40219.1
Project("{9A19103F-16F7-4668-BE54-9A1E7A4F7556}") = "FirstClass", "FirstClass\FirstClass.csproj", "{5D5C53F6-B2AA-4813-A791-DF93B50655CA}"
EndProject
Project("{9A19103F-16F7-4668-BE54-9A1E7A4F7556}") = "Geometri", "Geometri\Geometri.csproj", "{DFC6FEDC-90AD-4A63-BE7E-81D5BB79DF7C}"
EndProject
Project("{9A19103F-16F7-4668-BE54-9A1E7A4F7556}") = "Family", "Family\Family.csproj", "{BD0399AE-D2A6-4290-BD4D-FD407F6AC9EF}"
EndProject
Project("{FAE04EC0-301F-11D3-BF4B-00C04F79EFBC}") = "Domashna", "Domashna\Domashna.csproj", "{62A0CBBD-45AE-4E53-93E3-D66F19BB33FB}"
EndProject
Global
	GlobalSection(SolutionConfigurationPlatforms) = preSolution
		Debug|Any CPU = Debug|Any CPU
		Release|Any CPU = Release|Any CPU
	EndGlobalSection
	GlobalSection(ProjectConfigurationPlatforms) = postSolution
		{5D5C53F6-B2AA-4813-A791-DF93B50655CA}.Debug|Any CPU.ActiveCfg = Debug|Any CPU
		{5D5C53F6-B2AA-4813-A791-DF93B50655CA}.Debug|Any CPU.Build.0 = Debug|Any CPU
		{5D5C53F6-B2AA-4813-A791-DF93B50655CA}.Release|Any CPU.ActiveCfg = Release|Any CPU
		{5D5C53F6-B2AA-4813-A791-DF93B50655CA}.Release|Any CPU.Build.0 = Release|Any CPU
		{DFC6FEDC-90AD-4A63-BE7E-81D5BB79DF7C}.Debug|Any CPU.ActiveCfg = Debug|Any CPU
		{DFC6FEDC-90AD-4A63-BE7E-81D5BB79DF7C}.Debug|Any CPU.Build.0 = Debug|Any CPU
		{DFC6FEDC-90AD-4A63-BE7E-81D5BB79DF7C}.Release|Any CPU.ActiveCfg = Release|Any CPU
		{DFC6FEDC-90AD-4A63-BE7E-81D5BB79DF7C}.Release|Any CPU.Build.0 = Release|Any CPU
		{BD0399AE-D2A6-4290-BD4D-FD407F6AC9EF}.Debug|Any CPU.ActiveCfg = Debug|Any CPU
		{BD0399AE-D2A6-4290-BD4D-FD407F6AC9EF}.Debug|Any CPU.Build.0 = Debug|Any CPU
		{BD0399AE-D2A6-4290-BD4D-FD407F6AC9EF}.Release|Any CPU.ActiveCfg = Release|Any CPU
		{BD0399AE-D2A6-4290-BD4D-FD407F6AC9EF}.Release|Any CPU.Build.0 = Release|Any CPU
		{62A0CBBD-45AE-4E53-93E3-D66F19BB33FB}.Debug|Any CPU.ActiveCfg = Debug|Any CPU
		{62A0CBBD-45AE-4E53-93E3-D66F19BB33FB}.Debug|Any CPU.Build.0 = Debug|Any CPU
		{62A0CBBD-45AE-4E53-93E3-D66F19BB33FB}.Release|Any CPU.ActiveCfg = Release|Any CPU
		{62A0CBBD-45AE-4E53-93E3-D66F19BB33FB}.Release|Any CPU.Build.0 = Release|Any CPU
	EndGlobalSection
	GlobalSection(SolutionProperties) = preSolution
		HideSolutionNode = FALSE
	EndGlobalSection
	GlobalSection(ExtensibilityGlobals) = postSolution
		SolutionGuid = {2402E0A9-C39D-4B8A-B038-42708D09ABC5}
	EndGlobalSection
EndGlobal
